
Microsoft Visual Studio Solution File, Format Version 12.00
# Visual Studio Version 17
VisualStudioVersion = 17.1.32328.378
MinimumVisualStudioVersion = 10.0.40219.1
Project("{FAE04EC0-301F-11D3-BF4B-00C04F79EFBC}") = "rabota", "rabota.csproj", "{951E097E-F24D-48E3-9CDD-C5C7ED2B066A}"
EndProject
Global
	GlobalSection(SolutionConfigurationPlatforms) = preSolution
		Debug|Any CPU = Debug|Any CPU
		Release|Any CPU = Release|Any CPU
	EndGlobalSection
	GlobalSection(ProjectConfigurationPlatforms) = postSolution
		{951E097E-F24D-48E3-9CDD-C5C7ED2B066A}.Debug|Any CPU.ActiveCfg = Debug|Any CPU
		{951E097E-F24D-48E3-9CDD-C5C7ED2B066A}.Debug|Any CPU.Build.0 = Debug|Any CPU
		{951E097E-F24D-48E3-9CDD-C5C7ED2B066A}.Release|Any CPU.ActiveCfg = Release|Any CPU
		{951E097E-F24D-48E3-9CDD-C5C7ED2B066A}.Release|Any CPU.Build.0 = Release|Any CPU
	EndGlobalSection
	GlobalSection(SolutionProperties) = preSolution
		HideSolutionNode = FALSE
	EndGlobalSection
	GlobalSection(ExtensibilityGlobals) = postSolution
		SolutionGuid = {A97D4F6F-B7CA-40E8-A680-39AD94CA09F6}
	EndGlobalSection
EndGlobal
